
Microsoft Visual Studio Solution File, Format Version 12.00
# Visual Studio Version 16
VisualStudioVersion = 16.0.31025.218
MinimumVisualStudioVersion = 10.0.40219.1
Project("{FAE04EC0-301F-11D3-BF4B-00C04F79EFBC}") = "ntx20", "ntx20\ntx20.csproj", "{C9697EF4-CE37-4B47-A832-0FE15158A78B}"
EndProject
Project("{FAE04EC0-301F-11D3-BF4B-00C04F79EFBC}") = "ntx20.api", "ntx20.api\ntx20.api.csproj", "{D4FDC009-1D57-42B8-B304-26A407DBDD92}"
EndProject
Project("{9A19103F-16F7-4668-BE54-9A1E7A4F7556}") = "ntx20.api.proto", "ntx20.api.proto\ntx20.api.proto.csproj", "{9F454B6C-E671-4394-803E-6918740C90C7}"
EndProject
Project("{FAE04EC0-301F-11D3-BF4B-00C04F79EFBC}") = "ntx20.Tests", "ntx20.Tests\ntx20.Tests.csproj", "{E6C06E34-03F4-4748-BC79-8A81B7D12C11}"
EndProject
Global
	GlobalSection(SolutionConfigurationPlatforms) = preSolution
		Debug|Any CPU = Debug|Any CPU
		Release|Any CPU = Release|Any CPU
	EndGlobalSection
	GlobalSection(ProjectConfigurationPlatforms) = postSolution
		{C9697EF4-CE37-4B47-A832-0FE15158A78B}.Debug|Any CPU.ActiveCfg = Debug|Any CPU
		{C9697EF4-CE37-4B47-A832-0FE15158A78B}.Debug|Any CPU.Build.0 = Debug|Any CPU
		{C9697EF4-CE37-4B47-A832-0FE15158A78B}.Release|Any CPU.ActiveCfg = Release|Any CPU
		{C9697EF4-CE37-4B47-A832-0FE15158A78B}.Release|Any CPU.Build.0 = Release|Any CPU
		{D4FDC009-1D57-42B8-B304-26A407DBDD92}.Debug|Any CPU.ActiveCfg = Debug|Any CPU
		{D4FDC009-1D57-42B8-B304-26A407DBDD92}.Debug|Any CPU.Build.0 = Debug|Any CPU
		{D4FDC009-1D57-42B8-B304-26A407DBDD92}.Release|Any CPU.ActiveCfg = Release|Any CPU
		{D4FDC009-1D57-42B8-B304-26A407DBDD92}.Release|Any CPU.Build.0 = Release|Any CPU
		{9F454B6C-E671-4394-803E-6918740C90C7}.Debug|Any CPU.ActiveCfg = Debug|Any CPU
		{9F454B6C-E671-4394-803E-6918740C90C7}.Debug|Any CPU.Build.0 = Debug|Any CPU
		{9F454B6C-E671-4394-803E-6918740C90C7}.Release|Any CPU.ActiveCfg = Release|Any CPU
		{9F454B6C-E671-4394-803E-6918740C90C7}.Release|Any CPU.Build.0 = Release|Any CPU
		{E6C06E34-03F4-4748-BC79-8A81B7D12C11}.Debug|Any CPU.ActiveCfg = Debug|Any CPU
		{E6C06E34-03F4-4748-BC79-8A81B7D12C11}.Debug|Any CPU.Build.0 = Debug|Any CPU
		{E6C06E34-03F4-4748-BC79-8A81B7D12C11}.Release|Any CPU.ActiveCfg = Release|Any CPU
		{E6C06E34-03F4-4748-BC79-8A81B7D12C11}.Release|Any CPU.Build.0 = Release|Any CPU
	EndGlobalSection
	GlobalSection(SolutionProperties) = preSolution
		HideSolutionNode = FALSE
	EndGlobalSection
	GlobalSection(ExtensibilityGlobals) = postSolution
		SolutionGuid = {1E23E10D-1FEF-4812-999B-E9459625C48D}
	EndGlobalSection
EndGlobal
